
Microsoft Visual Studio Solution File, Format Version 12.00
# Visual Studio Version 17
VisualStudioVersion = 17.5.33516.290
MinimumVisualStudioVersion = 10.0.40219.1
Project("{9A19103F-16F7-4668-BE54-9A1E7A4F7556}") = "Colo_Shop", "Colo_Shop\Colo_Shop.csproj", "{EDC139C7-D14E-47F8-8E1E-43CFB68C00D0}"
EndProject
Global
	GlobalSection(SolutionConfigurationPlatforms) = preSolution
		Debug|Any CPU = Debug|Any CPU
		Debug|ARM64 = Debug|ARM64
		Release|Any CPU = Release|Any CPU
		Release|ARM64 = Release|ARM64
	EndGlobalSection
	GlobalSection(ProjectConfigurationPlatforms) = postSolution
		{EDC139C7-D14E-47F8-8E1E-43CFB68C00D0}.Debug|Any CPU.ActiveCfg = Debug|Any CPU
		{EDC139C7-D14E-47F8-8E1E-43CFB68C00D0}.Debug|Any CPU.Build.0 = Debug|Any CPU
		{EDC139C7-D14E-47F8-8E1E-43CFB68C00D0}.Debug|ARM64.ActiveCfg = Debug|ARM64
		{EDC139C7-D14E-47F8-8E1E-43CFB68C00D0}.Debug|ARM64.Build.0 = Debug|ARM64
		{EDC139C7-D14E-47F8-8E1E-43CFB68C00D0}.Release|Any CPU.ActiveCfg = Release|Any CPU
		{EDC139C7-D14E-47F8-8E1E-43CFB68C00D0}.Release|Any CPU.Build.0 = Release|Any CPU
		{EDC139C7-D14E-47F8-8E1E-43CFB68C00D0}.Release|ARM64.ActiveCfg = Release|ARM64
		{EDC139C7-D14E-47F8-8E1E-43CFB68C00D0}.Release|ARM64.Build.0 = Release|ARM64
	EndGlobalSection
	GlobalSection(SolutionProperties) = preSolution
		HideSolutionNode = FALSE
	EndGlobalSection
	GlobalSection(ExtensibilityGlobals) = postSolution
		SolutionGuid = {0D37D84E-A40B-4539-85C6-C68C6DF53A6A}
	EndGlobalSection
EndGlobal
